
Microsoft Visual Studio Solution File, Format Version 12.00
Project("{FAE04EC0-301F-11D3-BF4B-00C04F79EFBC}") = "Application", "Application\Application.csproj", "{D7FD7847-582F-4E3E-A6E2-9D0D5A816FCA}"
EndProject
Project("{FAE04EC0-301F-11D3-BF4B-00C04F79EFBC}") = "ConsoleUI", "ConsoleUI\ConsoleUI.csproj", "{970FE26F-BD91-4BAC-B1BF-D49F3521AF3A}"
EndProject
Project("{FAE04EC0-301F-11D3-BF4B-00C04F79EFBC}") = "ConsoleApp", "ConsoleApp\ConsoleApp.csproj", "{02EC95D2-BAD2-4179-8412-ED970C561EBB}"
EndProject
Project("{FAE04EC0-301F-11D3-BF4B-00C04F79EFBC}") = "WebApp", "WebApp\WebApp.csproj", "{4F0C9B68-FE5D-45D1-BD5D-267F233495E8}"
EndProject
Global
	GlobalSection(SolutionConfigurationPlatforms) = preSolution
		Debug|Any CPU = Debug|Any CPU
		Release|Any CPU = Release|Any CPU
	EndGlobalSection
	GlobalSection(ProjectConfigurationPlatforms) = postSolution
		{D7FD7847-582F-4E3E-A6E2-9D0D5A816FCA}.Debug|Any CPU.ActiveCfg = Debug|Any CPU
		{D7FD7847-582F-4E3E-A6E2-9D0D5A816FCA}.Debug|Any CPU.Build.0 = Debug|Any CPU
		{D7FD7847-582F-4E3E-A6E2-9D0D5A816FCA}.Release|Any CPU.ActiveCfg = Release|Any CPU
		{D7FD7847-582F-4E3E-A6E2-9D0D5A816FCA}.Release|Any CPU.Build.0 = Release|Any CPU
		{970FE26F-BD91-4BAC-B1BF-D49F3521AF3A}.Debug|Any CPU.ActiveCfg = Debug|Any CPU
		{970FE26F-BD91-4BAC-B1BF-D49F3521AF3A}.Debug|Any CPU.Build.0 = Debug|Any CPU
		{970FE26F-BD91-4BAC-B1BF-D49F3521AF3A}.Release|Any CPU.ActiveCfg = Release|Any CPU
		{970FE26F-BD91-4BAC-B1BF-D49F3521AF3A}.Release|Any CPU.Build.0 = Release|Any CPU
		{02EC95D2-BAD2-4179-8412-ED970C561EBB}.Debug|Any CPU.ActiveCfg = Debug|Any CPU
		{02EC95D2-BAD2-4179-8412-ED970C561EBB}.Debug|Any CPU.Build.0 = Debug|Any CPU
		{02EC95D2-BAD2-4179-8412-ED970C561EBB}.Release|Any CPU.ActiveCfg = Release|Any CPU
		{02EC95D2-BAD2-4179-8412-ED970C561EBB}.Release|Any CPU.Build.0 = Release|Any CPU
		{4F0C9B68-FE5D-45D1-BD5D-267F233495E8}.Debug|Any CPU.ActiveCfg = Debug|Any CPU
		{4F0C9B68-FE5D-45D1-BD5D-267F233495E8}.Debug|Any CPU.Build.0 = Debug|Any CPU
		{4F0C9B68-FE5D-45D1-BD5D-267F233495E8}.Release|Any CPU.ActiveCfg = Release|Any CPU
		{4F0C9B68-FE5D-45D1-BD5D-267F233495E8}.Release|Any CPU.Build.0 = Release|Any CPU
	EndGlobalSection
EndGlobal
